
Microsoft Visual Studio Solution File, Format Version 11.00
# Visual Studio 2010
Project("{FAE04EC0-301F-11D3-BF4B-00C04F79EFBC}") = "aplikacija", "aplikacija\aplikacija.csproj", "{DA18BD22-7C9F-42D8-AB2F-2463EACB8580}"
EndProject
Global
	GlobalSection(SolutionConfigurationPlatforms) = preSolution
		Debug|Any CPU = Debug|Any CPU
		Release|Any CPU = Release|Any CPU
	EndGlobalSection
	GlobalSection(ProjectConfigurationPlatforms) = postSolution
		{DA18BD22-7C9F-42D8-AB2F-2463EACB8580}.Debug|Any CPU.ActiveCfg = Debug|Any CPU
		{DA18BD22-7C9F-42D8-AB2F-2463EACB8580}.Debug|Any CPU.Build.0 = Debug|Any CPU
		{DA18BD22-7C9F-42D8-AB2F-2463EACB8580}.Release|Any CPU.ActiveCfg = Release|Any CPU
		{DA18BD22-7C9F-42D8-AB2F-2463EACB8580}.Release|Any CPU.Build.0 = Release|Any CPU
	EndGlobalSection
	GlobalSection(SolutionProperties) = preSolution
		HideSolutionNode = FALSE
	EndGlobalSection
EndGlobal
